
Microsoft Visual Studio Solution File, Format Version 12.00
# Visual Studio Version 17
VisualStudioVersion = 17.9.34902.65
MinimumVisualStudioVersion = 10.0.40219.1
Project("{9A19103F-16F7-4668-BE54-9A1E7A4F7556}") = "fitness-nutrition-service", "fitness-nutrition-service\fitness-nutrition-service.csproj", "{407E5782-4EFF-4505-B1B3-598C04C6D727}"
EndProject
Project("{9A19103F-16F7-4668-BE54-9A1E7A4F7556}") = "fitness-db", "..\fitness-db\fitness-db\fitness-db.csproj", "{79358DF6-F577-4C86-81B6-8978F53F7C21}"
EndProject
Global
	GlobalSection(SolutionConfigurationPlatforms) = preSolution
		Debug|Any CPU = Debug|Any CPU
		Release|Any CPU = Release|Any CPU
	EndGlobalSection
	GlobalSection(ProjectConfigurationPlatforms) = postSolution
		{407E5782-4EFF-4505-B1B3-598C04C6D727}.Debug|Any CPU.ActiveCfg = Debug|Any CPU
		{407E5782-4EFF-4505-B1B3-598C04C6D727}.Debug|Any CPU.Build.0 = Debug|Any CPU
		{407E5782-4EFF-4505-B1B3-598C04C6D727}.Release|Any CPU.ActiveCfg = Release|Any CPU
		{407E5782-4EFF-4505-B1B3-598C04C6D727}.Release|Any CPU.Build.0 = Release|Any CPU
		{79358DF6-F577-4C86-81B6-8978F53F7C21}.Debug|Any CPU.ActiveCfg = Debug|Any CPU
		{79358DF6-F577-4C86-81B6-8978F53F7C21}.Debug|Any CPU.Build.0 = Debug|Any CPU
		{79358DF6-F577-4C86-81B6-8978F53F7C21}.Release|Any CPU.ActiveCfg = Release|Any CPU
		{79358DF6-F577-4C86-81B6-8978F53F7C21}.Release|Any CPU.Build.0 = Release|Any CPU
	EndGlobalSection
	GlobalSection(SolutionProperties) = preSolution
		HideSolutionNode = FALSE
	EndGlobalSection
	GlobalSection(ExtensibilityGlobals) = postSolution
		SolutionGuid = {5122A148-4D93-4CFD-B3E5-632D76C92C21}
	EndGlobalSection
EndGlobal
